
Microsoft Visual Studio Solution File, Format Version 12.00
# Visual Studio 15
VisualStudioVersion = 15.0.28010.2048
MinimumVisualStudioVersion = 10.0.40219.1
Project("{FAE04EC0-301F-11D3-BF4B-00C04F79EFBC}") = "Tetris", "Tetris.csproj", "{CA1BDEA0-AB80-4D32-BF1C-971D2B74D507}"
EndProject
Global
	GlobalSection(SolutionConfigurationPlatforms) = preSolution
		Debug|Any CPU = Debug|Any CPU
		Release|Any CPU = Release|Any CPU
	EndGlobalSection
	GlobalSection(ProjectConfigurationPlatforms) = postSolution
		{CA1BDEA0-AB80-4D32-BF1C-971D2B74D507}.Debug|Any CPU.ActiveCfg = Debug|Any CPU
		{CA1BDEA0-AB80-4D32-BF1C-971D2B74D507}.Debug|Any CPU.Build.0 = Debug|Any CPU
		{CA1BDEA0-AB80-4D32-BF1C-971D2B74D507}.Release|Any CPU.ActiveCfg = Release|Any CPU
		{CA1BDEA0-AB80-4D32-BF1C-971D2B74D507}.Release|Any CPU.Build.0 = Release|Any CPU
	EndGlobalSection
	GlobalSection(SolutionProperties) = preSolution
		HideSolutionNode = FALSE
	EndGlobalSection
	GlobalSection(ExtensibilityGlobals) = postSolution
		SolutionGuid = {44C0F05A-6D92-4930-892B-B98D15582E15}
	EndGlobalSection
EndGlobal
